
Microsoft Visual Studio Solution File, Format Version 12.00
# Visual Studio 15
VisualStudioVersion = 15.0.27130.2027
MinimumVisualStudioVersion = 10.0.40219.1
Project("{FAE04EC0-301F-11D3-BF4B-00C04F79EFBC}") = "0518Demo", "0518Demo\0518Demo.csproj", "{D04E6407-584E-491A-9E65-A920E7DF9577}"
EndProject
Project("{FAE04EC0-301F-11D3-BF4B-00C04F79EFBC}") = "0518Demo.Tests", "0518Demo.Tests\0518Demo.Tests.csproj", "{8DF9E89F-0F4E-45DF-8DBB-8623445307AE}"
EndProject
Project("{FAE04EC0-301F-11D3-BF4B-00C04F79EFBC}") = "0518DemoTests", "0518DemoTests\0518DemoTests.csproj", "{2E47EE5A-3F66-4E2B-B3CD-DFD8A59B3469}"
EndProject
Global
	GlobalSection(SolutionConfigurationPlatforms) = preSolution
		Debug|Any CPU = Debug|Any CPU
		Release|Any CPU = Release|Any CPU
	EndGlobalSection
	GlobalSection(ProjectConfigurationPlatforms) = postSolution
		{D04E6407-584E-491A-9E65-A920E7DF9577}.Debug|Any CPU.ActiveCfg = Debug|Any CPU
		{D04E6407-584E-491A-9E65-A920E7DF9577}.Debug|Any CPU.Build.0 = Debug|Any CPU
		{D04E6407-584E-491A-9E65-A920E7DF9577}.Release|Any CPU.ActiveCfg = Release|Any CPU
		{D04E6407-584E-491A-9E65-A920E7DF9577}.Release|Any CPU.Build.0 = Release|Any CPU
		{8DF9E89F-0F4E-45DF-8DBB-8623445307AE}.Debug|Any CPU.ActiveCfg = Debug|Any CPU
		{8DF9E89F-0F4E-45DF-8DBB-8623445307AE}.Debug|Any CPU.Build.0 = Debug|Any CPU
		{8DF9E89F-0F4E-45DF-8DBB-8623445307AE}.Release|Any CPU.ActiveCfg = Release|Any CPU
		{8DF9E89F-0F4E-45DF-8DBB-8623445307AE}.Release|Any CPU.Build.0 = Release|Any CPU
		{2E47EE5A-3F66-4E2B-B3CD-DFD8A59B3469}.Debug|Any CPU.ActiveCfg = Debug|Any CPU
		{2E47EE5A-3F66-4E2B-B3CD-DFD8A59B3469}.Debug|Any CPU.Build.0 = Debug|Any CPU
		{2E47EE5A-3F66-4E2B-B3CD-DFD8A59B3469}.Release|Any CPU.ActiveCfg = Release|Any CPU
		{2E47EE5A-3F66-4E2B-B3CD-DFD8A59B3469}.Release|Any CPU.Build.0 = Release|Any CPU
	EndGlobalSection
	GlobalSection(SolutionProperties) = preSolution
		HideSolutionNode = FALSE
	EndGlobalSection
	GlobalSection(ExtensibilityGlobals) = postSolution
		SolutionGuid = {FE301746-8925-4527-8CF6-6C4BD78A64C6}
	EndGlobalSection
EndGlobal
